
Microsoft Visual Studio Solution File, Format Version 12.00
# Visual Studio Version 17
VisualStudioVersion = 17.11.35312.102
MinimumVisualStudioVersion = 10.0.40219.1
Project("{FAE04EC0-301F-11D3-BF4B-00C04F79EFBC}") = "gta6", "gta6.csproj", "{1B6F319A-C0EB-4941-9428-DF4F05435133}"
EndProject
Global
	GlobalSection(SolutionConfigurationPlatforms) = preSolution
		Debug|Any CPU = Debug|Any CPU
		Release|Any CPU = Release|Any CPU
	EndGlobalSection
	GlobalSection(ProjectConfigurationPlatforms) = postSolution
		{1B6F319A-C0EB-4941-9428-DF4F05435133}.Debug|Any CPU.ActiveCfg = Debug|Any CPU
		{1B6F319A-C0EB-4941-9428-DF4F05435133}.Debug|Any CPU.Build.0 = Debug|Any CPU
		{1B6F319A-C0EB-4941-9428-DF4F05435133}.Release|Any CPU.ActiveCfg = Release|Any CPU
		{1B6F319A-C0EB-4941-9428-DF4F05435133}.Release|Any CPU.Build.0 = Release|Any CPU
	EndGlobalSection
	GlobalSection(SolutionProperties) = preSolution
		HideSolutionNode = FALSE
	EndGlobalSection
	GlobalSection(ExtensibilityGlobals) = postSolution
		SolutionGuid = {20E678B5-AE60-450F-A8EB-98CBFD6C9D2A}
	EndGlobalSection
EndGlobal
